
Microsoft Visual Studio Solution File, Format Version 12.00
# Visual Studio 2013
VisualStudioVersion = 12.0.31101.0
MinimumVisualStudioVersion = 10.0.40219.1
Project("{2150E333-8FDC-42A3-9474-1A3956D46DE8}") = "ImageDialog", "ImageDialog", "{0BCBBFC5-006B-4669-ADC8-EB9FC412BA4A}"
EndProject
Project("{FAE04EC0-301F-11D3-BF4B-00C04F79EFBC}") = "SimpleControls.ImageDialog", "SimpleControls.ImageDialog\SimpleControls.ImageDialog.csproj", "{67F9D3A8-F71E-4428-913F-C37AE82CDB24}"
EndProject
Project("{2150E333-8FDC-42A3-9474-1A3956D46DE8}") = "Platforms", "Platforms", "{F80D3DA1-4F4F-46D6-A216-ACCF00EAB8A7}"
EndProject
Project("{FAE04EC0-301F-11D3-BF4B-00C04F79EFBC}") = "SimpleControls.ImageDialog.Droid", "SimpleControls.ImageDialog.Droid\SimpleControls.ImageDialog.Droid.csproj", "{70940FD9-E42F-4BDF-9372-8A3C9B7BFE68}"
EndProject
Project("{FAE04EC0-301F-11D3-BF4B-00C04F79EFBC}") = "SimpleControls.ImageDialog.iOS", "SimpleControls.ImageDialog.iOS\SimpleControls.ImageDialog.iOS.csproj", "{F16159DD-61F3-4130-8B9E-C0A0D160A2B9}"
EndProject
Project("{FAE04EC0-301F-11D3-BF4B-00C04F79EFBC}") = "SimpleControls.ImageDialog.WinPhone", "SimpleControls.ImageDialog.WinPhone\SimpleControls.ImageDialog.WinPhone.csproj", "{5FDE97E2-548D-4460-8161-05F0B32B9E1D}"
EndProject
Project("{2150E333-8FDC-42A3-9474-1A3956D46DE8}") = "Tests", "Tests", "{625686A4-819B-42B1-84B5-4E356D4FA8CC}"
EndProject
Project("{FAE04EC0-301F-11D3-BF4B-00C04F79EFBC}") = "SimpleControls.ImageDialog.Tests", "SimpleControls.ImageDialog.Tests\SimpleControls.ImageDialog.Tests\SimpleControls.ImageDialog.Tests.csproj", "{328C2CD3-7E2A-408A-92A0-9D55EECFFFF5}"
EndProject
Project("{FAE04EC0-301F-11D3-BF4B-00C04F79EFBC}") = "SimpleControls.ImageDialog.Tests.iOS", "SimpleControls.ImageDialog.Tests\SimpleControls.ImageDialog.Tests.iOS\SimpleControls.ImageDialog.Tests.iOS.csproj", "{3C4FEA43-85FF-4F45-8EC9-282FA275AB04}"
EndProject
Project("{FAE04EC0-301F-11D3-BF4B-00C04F79EFBC}") = "SimpleControls.ImageDialog.Tests.Droid", "SimpleControls.ImageDialog.Tests\SimpleControls.ImageDialog.Tests.Droid\SimpleControls.ImageDialog.Tests.Droid.csproj", "{8686EE80-99A0-4C68-B8D1-05F1422CADD4}"
EndProject
Project("{FAE04EC0-301F-11D3-BF4B-00C04F79EFBC}") = "SimpleControls.ImageDialog.Tests.WinPhone", "SimpleControls.ImageDialog.Tests.WinPhone\SimpleControls.ImageDialog.Tests.WinPhone.csproj", "{1ED12FCD-4A00-455C-86D9-5AC29E2805E1}"
EndProject
Global
	GlobalSection(TeamFoundationVersionControl) = preSolution
		SccNumberOfProjects = 9
		SccEnterpriseProvider = {4CA58AB2-18FA-4F8D-95D4-32DDF27D184C}
		SccTeamFoundationServer = https://crimsond.visualstudio.com/defaultcollection
		SccLocalPath0 = .
		SccProjectUniqueName1 = SimpleControls.ImageDialog.Droid\\SimpleControls.ImageDialog.Droid.csproj
		SccProjectTopLevelParentUniqueName1 = SimpleControls.sln
		SccProjectName1 = SimpleControls.ImageDialog.Droid
		SccLocalPath1 = SimpleControls.ImageDialog.Droid
		SccProjectUniqueName2 = SimpleControls.ImageDialog.iOS\\SimpleControls.ImageDialog.iOS.csproj
		SccProjectTopLevelParentUniqueName2 = SimpleControls.sln
		SccProjectName2 = SimpleControls.ImageDialog.iOS
		SccLocalPath2 = SimpleControls.ImageDialog.iOS
		SccProjectUniqueName3 = SimpleControls.ImageDialog.Tests\\SimpleControls.ImageDialog.Tests.Droid\\SimpleControls.ImageDialog.Tests.Droid.csproj
		SccProjectTopLevelParentUniqueName3 = SimpleControls.sln
		SccProjectName3 = SimpleControls.ImageDialog.Tests/SimpleControls.ImageDialog.Tests.Droid
		SccLocalPath3 = SimpleControls.ImageDialog.Tests\\SimpleControls.ImageDialog.Tests.Droid
		SccProjectUniqueName4 = SimpleControls.ImageDialog.Tests\\SimpleControls.ImageDialog.Tests.iOS\\SimpleControls.ImageDialog.Tests.iOS.csproj
		SccProjectTopLevelParentUniqueName4 = SimpleControls.sln
		SccProjectName4 = SimpleControls.ImageDialog.Tests/SimpleControls.ImageDialog.Tests.iOS
		SccLocalPath4 = SimpleControls.ImageDialog.Tests\\SimpleControls.ImageDialog.Tests.iOS
		SccProjectUniqueName5 = SimpleControls.ImageDialog.Tests\\SimpleControls.ImageDialog.Tests\\SimpleControls.ImageDialog.Tests.csproj
		SccProjectTopLevelParentUniqueName5 = SimpleControls.sln
		SccProjectName5 = SimpleControls.ImageDialog.Tests/SimpleControls.ImageDialog.Tests
		SccLocalPath5 = SimpleControls.ImageDialog.Tests\\SimpleControls.ImageDialog.Tests
		SccProjectUniqueName6 = SimpleControls.ImageDialog.WinPhone\\SimpleControls.ImageDialog.WinPhone.csproj
		SccProjectTopLevelParentUniqueName6 = SimpleControls.sln
		SccProjectName6 = SimpleControls.ImageDialog.WinPhone
		SccLocalPath6 = SimpleControls.ImageDialog.WinPhone
		SccProjectUniqueName7 = SimpleControls.ImageDialog\\SimpleControls.ImageDialog.csproj
		SccProjectTopLevelParentUniqueName7 = SimpleControls.sln
		SccProjectName7 = SimpleControls.ImageDialog
		SccLocalPath7 = SimpleControls.ImageDialog
		SccProjectUniqueName8 = SimpleControls.ImageDialog.Tests.WinPhone\\SimpleControls.ImageDialog.Tests.WinPhone.csproj
		SccProjectTopLevelParentUniqueName8 = SimpleControls.sln
		SccProjectName8 = SimpleControls.ImageDialog.Tests.WinPhone
		SccLocalPath8 = SimpleControls.ImageDialog.Tests.WinPhone
	EndGlobalSection
	GlobalSection(SolutionConfigurationPlatforms) = preSolution
		Ad-Hoc|Any CPU = Ad-Hoc|Any CPU
		Ad-Hoc|ARM = Ad-Hoc|ARM
		Ad-Hoc|iPhone = Ad-Hoc|iPhone
		Ad-Hoc|iPhoneSimulator = Ad-Hoc|iPhoneSimulator
		Ad-Hoc|Mixed Platforms = Ad-Hoc|Mixed Platforms
		Ad-Hoc|x86 = Ad-Hoc|x86
		AppStore|Any CPU = AppStore|Any CPU
		AppStore|ARM = AppStore|ARM
		AppStore|iPhone = AppStore|iPhone
		AppStore|iPhoneSimulator = AppStore|iPhoneSimulator
		AppStore|Mixed Platforms = AppStore|Mixed Platforms
		AppStore|x86 = AppStore|x86
		Debug|Any CPU = Debug|Any CPU
		Debug|ARM = Debug|ARM
		Debug|iPhone = Debug|iPhone
		Debug|iPhoneSimulator = Debug|iPhoneSimulator
		Debug|Mixed Platforms = Debug|Mixed Platforms
		Debug|x86 = Debug|x86
		Release|Any CPU = Release|Any CPU
		Release|ARM = Release|ARM
		Release|iPhone = Release|iPhone
		Release|iPhoneSimulator = Release|iPhoneSimulator
		Release|Mixed Platforms = Release|Mixed Platforms
		Release|x86 = Release|x86
	EndGlobalSection
	GlobalSection(ProjectConfigurationPlatforms) = postSolution
		{67F9D3A8-F71E-4428-913F-C37AE82CDB24}.Ad-Hoc|Any CPU.ActiveCfg = Release|Any CPU
		{67F9D3A8-F71E-4428-913F-C37AE82CDB24}.Ad-Hoc|Any CPU.Build.0 = Release|Any CPU
		{67F9D3A8-F71E-4428-913F-C37AE82CDB24}.Ad-Hoc|ARM.ActiveCfg = Release|Any CPU
		{67F9D3A8-F71E-4428-913F-C37AE82CDB24}.Ad-Hoc|iPhone.ActiveCfg = Release|Any CPU
		{67F9D3A8-F71E-4428-913F-C37AE82CDB24}.Ad-Hoc|iPhoneSimulator.ActiveCfg = Release|Any CPU
		{67F9D3A8-F71E-4428-913F-C37AE82CDB24}.Ad-Hoc|Mixed Platforms.ActiveCfg = Release|Any CPU
		{67F9D3A8-F71E-4428-913F-C37AE82CDB24}.Ad-Hoc|Mixed Platforms.Build.0 = Release|Any CPU
		{67F9D3A8-F71E-4428-913F-C37AE82CDB24}.Ad-Hoc|x86.ActiveCfg = Release|Any CPU
		{67F9D3A8-F71E-4428-913F-C37AE82CDB24}.AppStore|Any CPU.ActiveCfg = Release|Any CPU
		{67F9D3A8-F71E-4428-913F-C37AE82CDB24}.AppStore|Any CPU.Build.0 = Release|Any CPU
		{67F9D3A8-F71E-4428-913F-C37AE82CDB24}.AppStore|ARM.ActiveCfg = Release|Any CPU
		{67F9D3A8-F71E-4428-913F-C37AE82CDB24}.AppStore|iPhone.ActiveCfg = Release|Any CPU
		{67F9D3A8-F71E-4428-913F-C37AE82CDB24}.AppStore|iPhoneSimulator.ActiveCfg = Release|Any CPU
		{67F9D3A8-F71E-4428-913F-C37AE82CDB24}.AppStore|Mixed Platforms.ActiveCfg = Release|Any CPU
		{67F9D3A8-F71E-4428-913F-C37AE82CDB24}.AppStore|Mixed Platforms.Build.0 = Release|Any CPU
		{67F9D3A8-F71E-4428-913F-C37AE82CDB24}.AppStore|x86.ActiveCfg = Release|Any CPU
		{67F9D3A8-F71E-4428-913F-C37AE82CDB24}.Debug|Any CPU.ActiveCfg = Debug|Any CPU
		{67F9D3A8-F71E-4428-913F-C37AE82CDB24}.Debug|Any CPU.Build.0 = Debug|Any CPU
		{67F9D3A8-F71E-4428-913F-C37AE82CDB24}.Debug|ARM.ActiveCfg = Debug|Any CPU
		{67F9D3A8-F71E-4428-913F-C37AE82CDB24}.Debug|iPhone.ActiveCfg = Debug|Any CPU
		{67F9D3A8-F71E-4428-913F-C37AE82CDB24}.Debug|iPhoneSimulator.ActiveCfg = Debug|Any CPU
		{67F9D3A8-F71E-4428-913F-C37AE82CDB24}.Debug|Mixed Platforms.ActiveCfg = Debug|Any CPU
		{67F9D3A8-F71E-4428-913F-C37AE82CDB24}.Debug|Mixed Platforms.Build.0 = Debug|Any CPU
		{67F9D3A8-F71E-4428-913F-C37AE82CDB24}.Debug|x86.ActiveCfg = Debug|Any CPU
		{67F9D3A8-F71E-4428-913F-C37AE82CDB24}.Release|Any CPU.ActiveCfg = Release|Any CPU
		{67F9D3A8-F71E-4428-913F-C37AE82CDB24}.Release|Any CPU.Build.0 = Release|Any CPU
		{67F9D3A8-F71E-4428-913F-C37AE82CDB24}.Release|ARM.ActiveCfg = Release|Any CPU
		{67F9D3A8-F71E-4428-913F-C37AE82CDB24}.Release|iPhone.ActiveCfg = Release|Any CPU
		{67F9D3A8-F71E-4428-913F-C37AE82CDB24}.Release|iPhoneSimulator.ActiveCfg = Release|Any CPU
		{67F9D3A8-F71E-4428-913F-C37AE82CDB24}.Release|Mixed Platforms.ActiveCfg = Release|Any CPU
		{67F9D3A8-F71E-4428-913F-C37AE82CDB24}.Release|Mixed Platforms.Build.0 = Release|Any CPU
		{67F9D3A8-F71E-4428-913F-C37AE82CDB24}.Release|x86.ActiveCfg = Release|Any CPU
		{70940FD9-E42F-4BDF-9372-8A3C9B7BFE68}.Ad-Hoc|Any CPU.ActiveCfg = Release|Any CPU
		{70940FD9-E42F-4BDF-9372-8A3C9B7BFE68}.Ad-Hoc|Any CPU.Build.0 = Release|Any CPU
		{70940FD9-E42F-4BDF-9372-8A3C9B7BFE68}.Ad-Hoc|ARM.ActiveCfg = Release|Any CPU
		{70940FD9-E42F-4BDF-9372-8A3C9B7BFE68}.Ad-Hoc|iPhone.ActiveCfg = Release|Any CPU
		{70940FD9-E42F-4BDF-9372-8A3C9B7BFE68}.Ad-Hoc|iPhoneSimulator.ActiveCfg = Release|Any CPU
		{70940FD9-E42F-4BDF-9372-8A3C9B7BFE68}.Ad-Hoc|Mixed Platforms.ActiveCfg = Release|Any CPU
		{70940FD9-E42F-4BDF-9372-8A3C9B7BFE68}.Ad-Hoc|Mixed Platforms.Build.0 = Release|Any CPU
		{70940FD9-E42F-4BDF-9372-8A3C9B7BFE68}.Ad-Hoc|x86.ActiveCfg = Release|Any CPU
		{70940FD9-E42F-4BDF-9372-8A3C9B7BFE68}.AppStore|Any CPU.ActiveCfg = Release|Any CPU
		{70940FD9-E42F-4BDF-9372-8A3C9B7BFE68}.AppStore|Any CPU.Build.0 = Release|Any CPU
		{70940FD9-E42F-4BDF-9372-8A3C9B7BFE68}.AppStore|ARM.ActiveCfg = Release|Any CPU
		{70940FD9-E42F-4BDF-9372-8A3C9B7BFE68}.AppStore|iPhone.ActiveCfg = Release|Any CPU
		{70940FD9-E42F-4BDF-9372-8A3C9B7BFE68}.AppStore|iPhoneSimulator.ActiveCfg = Release|Any CPU
		{70940FD9-E42F-4BDF-9372-8A3C9B7BFE68}.AppStore|Mixed Platforms.ActiveCfg = Release|Any CPU
		{70940FD9-E42F-4BDF-9372-8A3C9B7BFE68}.AppStore|Mixed Platforms.Build.0 = Release|Any CPU
		{70940FD9-E42F-4BDF-9372-8A3C9B7BFE68}.AppStore|x86.ActiveCfg = Release|Any CPU
		{70940FD9-E42F-4BDF-9372-8A3C9B7BFE68}.Debug|Any CPU.ActiveCfg = Debug|Any CPU
		{70940FD9-E42F-4BDF-9372-8A3C9B7BFE68}.Debug|Any CPU.Build.0 = Debug|Any CPU
		{70940FD9-E42F-4BDF-9372-8A3C9B7BFE68}.Debug|ARM.ActiveCfg = Debug|Any CPU
		{70940FD9-E42F-4BDF-9372-8A3C9B7BFE68}.Debug|iPhone.ActiveCfg = Debug|Any CPU
		{70940FD9-E42F-4BDF-9372-8A3C9B7BFE68}.Debug|iPhoneSimulator.ActiveCfg = Debug|Any CPU
		{70940FD9-E42F-4BDF-9372-8A3C9B7BFE68}.Debug|Mixed Platforms.ActiveCfg = Debug|Any CPU
		{70940FD9-E42F-4BDF-9372-8A3C9B7BFE68}.Debug|Mixed Platforms.Build.0 = Debug|Any CPU
		{70940FD9-E42F-4BDF-9372-8A3C9B7BFE68}.Debug|x86.ActiveCfg = Debug|Any CPU
		{70940FD9-E42F-4BDF-9372-8A3C9B7BFE68}.Release|Any CPU.ActiveCfg = Release|Any CPU
		{70940FD9-E42F-4BDF-9372-8A3C9B7BFE68}.Release|Any CPU.Build.0 = Release|Any CPU
		{70940FD9-E42F-4BDF-9372-8A3C9B7BFE68}.Release|ARM.ActiveCfg = Release|Any CPU
		{70940FD9-E42F-4BDF-9372-8A3C9B7BFE68}.Release|iPhone.ActiveCfg = Release|Any CPU
		{70940FD9-E42F-4BDF-9372-8A3C9B7BFE68}.Release|iPhoneSimulator.ActiveCfg = Release|Any CPU
		{70940FD9-E42F-4BDF-9372-8A3C9B7BFE68}.Release|Mixed Platforms.ActiveCfg = Release|Any CPU
		{70940FD9-E42F-4BDF-9372-8A3C9B7BFE68}.Release|Mixed Platforms.Build.0 = Release|Any CPU
		{70940FD9-E42F-4BDF-9372-8A3C9B7BFE68}.Release|x86.ActiveCfg = Release|Any CPU
		{F16159DD-61F3-4130-8B9E-C0A0D160A2B9}.Ad-Hoc|Any CPU.ActiveCfg = Release|Any CPU
		{F16159DD-61F3-4130-8B9E-C0A0D160A2B9}.Ad-Hoc|Any CPU.Build.0 = Release|Any CPU
		{F16159DD-61F3-4130-8B9E-C0A0D160A2B9}.Ad-Hoc|ARM.ActiveCfg = Release|Any CPU
		{F16159DD-61F3-4130-8B9E-C0A0D160A2B9}.Ad-Hoc|iPhone.ActiveCfg = Release|Any CPU
		{F16159DD-61F3-4130-8B9E-C0A0D160A2B9}.Ad-Hoc|iPhoneSimulator.ActiveCfg = Release|Any CPU
		{F16159DD-61F3-4130-8B9E-C0A0D160A2B9}.Ad-Hoc|Mixed Platforms.ActiveCfg = Release|Any CPU
		{F16159DD-61F3-4130-8B9E-C0A0D160A2B9}.Ad-Hoc|Mixed Platforms.Build.0 = Release|Any CPU
		{F16159DD-61F3-4130-8B9E-C0A0D160A2B9}.Ad-Hoc|x86.ActiveCfg = Release|Any CPU
		{F16159DD-61F3-4130-8B9E-C0A0D160A2B9}.AppStore|Any CPU.ActiveCfg = Release|Any CPU
		{F16159DD-61F3-4130-8B9E-C0A0D160A2B9}.AppStore|Any CPU.Build.0 = Release|Any CPU
		{F16159DD-61F3-4130-8B9E-C0A0D160A2B9}.AppStore|ARM.ActiveCfg = Release|Any CPU
		{F16159DD-61F3-4130-8B9E-C0A0D160A2B9}.AppStore|iPhone.ActiveCfg = Release|Any CPU
		{F16159DD-61F3-4130-8B9E-C0A0D160A2B9}.AppStore|iPhoneSimulator.ActiveCfg = Release|Any CPU
		{F16159DD-61F3-4130-8B9E-C0A0D160A2B9}.AppStore|Mixed Platforms.ActiveCfg = Release|Any CPU
		{F16159DD-61F3-4130-8B9E-C0A0D160A2B9}.AppStore|Mixed Platforms.Build.0 = Release|Any CPU
		{F16159DD-61F3-4130-8B9E-C0A0D160A2B9}.AppStore|x86.ActiveCfg = Release|Any CPU
		{F16159DD-61F3-4130-8B9E-C0A0D160A2B9}.Debug|Any CPU.ActiveCfg = Debug|Any CPU
		{F16159DD-61F3-4130-8B9E-C0A0D160A2B9}.Debug|Any CPU.Build.0 = Debug|Any CPU
		{F16159DD-61F3-4130-8B9E-C0A0D160A2B9}.Debug|ARM.ActiveCfg = Debug|Any CPU
		{F16159DD-61F3-4130-8B9E-C0A0D160A2B9}.Debug|iPhone.ActiveCfg = Debug|Any CPU
		{F16159DD-61F3-4130-8B9E-C0A0D160A2B9}.Debug|iPhoneSimulator.ActiveCfg = Debug|Any CPU
		{F16159DD-61F3-4130-8B9E-C0A0D160A2B9}.Debug|Mixed Platforms.ActiveCfg = Debug|Any CPU
		{F16159DD-61F3-4130-8B9E-C0A0D160A2B9}.Debug|Mixed Platforms.Build.0 = Debug|Any CPU
		{F16159DD-61F3-4130-8B9E-C0A0D160A2B9}.Debug|x86.ActiveCfg = Debug|Any CPU
		{F16159DD-61F3-4130-8B9E-C0A0D160A2B9}.Release|Any CPU.ActiveCfg = Release|Any CPU
		{F16159DD-61F3-4130-8B9E-C0A0D160A2B9}.Release|Any CPU.Build.0 = Release|Any CPU
		{F16159DD-61F3-4130-8B9E-C0A0D160A2B9}.Release|ARM.ActiveCfg = Release|Any CPU
		{F16159DD-61F3-4130-8B9E-C0A0D160A2B9}.Release|iPhone.ActiveCfg = Release|Any CPU
		{F16159DD-61F3-4130-8B9E-C0A0D160A2B9}.Release|iPhoneSimulator.ActiveCfg = Release|Any CPU
		{F16159DD-61F3-4130-8B9E-C0A0D160A2B9}.Release|Mixed Platforms.ActiveCfg = Release|Any CPU
		{F16159DD-61F3-4130-8B9E-C0A0D160A2B9}.Release|Mixed Platforms.Build.0 = Release|Any CPU
		{F16159DD-61F3-4130-8B9E-C0A0D160A2B9}.Release|x86.ActiveCfg = Release|Any CPU
		{5FDE97E2-548D-4460-8161-05F0B32B9E1D}.Ad-Hoc|Any CPU.ActiveCfg = Release|Any CPU
		{5FDE97E2-548D-4460-8161-05F0B32B9E1D}.Ad-Hoc|Any CPU.Build.0 = Release|Any CPU
		{5FDE97E2-548D-4460-8161-05F0B32B9E1D}.Ad-Hoc|ARM.ActiveCfg = Release|ARM
		{5FDE97E2-548D-4460-8161-05F0B32B9E1D}.Ad-Hoc|ARM.Build.0 = Release|ARM
		{5FDE97E2-548D-4460-8161-05F0B32B9E1D}.Ad-Hoc|iPhone.ActiveCfg = Release|Any CPU
		{5FDE97E2-548D-4460-8161-05F0B32B9E1D}.Ad-Hoc|iPhoneSimulator.ActiveCfg = Release|Any CPU
		{5FDE97E2-548D-4460-8161-05F0B32B9E1D}.Ad-Hoc|Mixed Platforms.ActiveCfg = Release|x86
		{5FDE97E2-548D-4460-8161-05F0B32B9E1D}.Ad-Hoc|Mixed Platforms.Build.0 = Release|x86
		{5FDE97E2-548D-4460-8161-05F0B32B9E1D}.Ad-Hoc|x86.ActiveCfg = Release|x86
		{5FDE97E2-548D-4460-8161-05F0B32B9E1D}.Ad-Hoc|x86.Build.0 = Release|x86
		{5FDE97E2-548D-4460-8161-05F0B32B9E1D}.AppStore|Any CPU.ActiveCfg = Release|Any CPU
		{5FDE97E2-548D-4460-8161-05F0B32B9E1D}.AppStore|Any CPU.Build.0 = Release|Any CPU
		{5FDE97E2-548D-4460-8161-05F0B32B9E1D}.AppStore|ARM.ActiveCfg = Release|ARM
		{5FDE97E2-548D-4460-8161-05F0B32B9E1D}.AppStore|ARM.Build.0 = Release|ARM
		{5FDE97E2-548D-4460-8161-05F0B32B9E1D}.AppStore|iPhone.ActiveCfg = Release|Any CPU
		{5FDE97E2-548D-4460-8161-05F0B32B9E1D}.AppStore|iPhoneSimulator.ActiveCfg = Release|Any CPU
		{5FDE97E2-548D-4460-8161-05F0B32B9E1D}.AppStore|Mixed Platforms.ActiveCfg = Release|x86
		{5FDE97E2-548D-4460-8161-05F0B32B9E1D}.AppStore|Mixed Platforms.Build.0 = Release|x86
		{5FDE97E2-548D-4460-8161-05F0B32B9E1D}.AppStore|x86.ActiveCfg = Release|x86
		{5FDE97E2-548D-4460-8161-05F0B32B9E1D}.AppStore|x86.Build.0 = Release|x86
		{5FDE97E2-548D-4460-8161-05F0B32B9E1D}.Debug|Any CPU.ActiveCfg = Debug|Any CPU
		{5FDE97E2-548D-4460-8161-05F0B32B9E1D}.Debug|Any CPU.Build.0 = Debug|Any CPU
		{5FDE97E2-548D-4460-8161-05F0B32B9E1D}.Debug|ARM.ActiveCfg = Debug|ARM
		{5FDE97E2-548D-4460-8161-05F0B32B9E1D}.Debug|ARM.Build.0 = Debug|ARM
		{5FDE97E2-548D-4460-8161-05F0B32B9E1D}.Debug|iPhone.ActiveCfg = Debug|Any CPU
		{5FDE97E2-548D-4460-8161-05F0B32B9E1D}.Debug|iPhoneSimulator.ActiveCfg = Debug|Any CPU
		{5FDE97E2-548D-4460-8161-05F0B32B9E1D}.Debug|Mixed Platforms.ActiveCfg = Debug|x86
		{5FDE97E2-548D-4460-8161-05F0B32B9E1D}.Debug|Mixed Platforms.Build.0 = Debug|x86
		{5FDE97E2-548D-4460-8161-05F0B32B9E1D}.Debug|x86.ActiveCfg = Debug|x86
		{5FDE97E2-548D-4460-8161-05F0B32B9E1D}.Debug|x86.Build.0 = Debug|x86
		{5FDE97E2-548D-4460-8161-05F0B32B9E1D}.Release|Any CPU.ActiveCfg = Release|Any CPU
		{5FDE97E2-548D-4460-8161-05F0B32B9E1D}.Release|Any CPU.Build.0 = Release|Any CPU
		{5FDE97E2-548D-4460-8161-05F0B32B9E1D}.Release|ARM.ActiveCfg = Release|ARM
		{5FDE97E2-548D-4460-8161-05F0B32B9E1D}.Release|ARM.Build.0 = Release|ARM
		{5FDE97E2-548D-4460-8161-05F0B32B9E1D}.Release|iPhone.ActiveCfg = Release|Any CPU
		{5FDE97E2-548D-4460-8161-05F0B32B9E1D}.Release|iPhoneSimulator.ActiveCfg = Release|Any CPU
		{5FDE97E2-548D-4460-8161-05F0B32B9E1D}.Release|Mixed Platforms.ActiveCfg = Release|x86
		{5FDE97E2-548D-4460-8161-05F0B32B9E1D}.Release|Mixed Platforms.Build.0 = Release|x86
		{5FDE97E2-548D-4460-8161-05F0B32B9E1D}.Release|x86.ActiveCfg = Release|x86
		{5FDE97E2-548D-4460-8161-05F0B32B9E1D}.Release|x86.Build.0 = Release|x86
		{328C2CD3-7E2A-408A-92A0-9D55EECFFFF5}.Ad-Hoc|Any CPU.ActiveCfg = Release|Any CPU
		{328C2CD3-7E2A-408A-92A0-9D55EECFFFF5}.Ad-Hoc|Any CPU.Build.0 = Release|Any CPU
		{328C2CD3-7E2A-408A-92A0-9D55EECFFFF5}.Ad-Hoc|ARM.ActiveCfg = Release|Any CPU
		{328C2CD3-7E2A-408A-92A0-9D55EECFFFF5}.Ad-Hoc|iPhone.ActiveCfg = Release|Any CPU
		{328C2CD3-7E2A-408A-92A0-9D55EECFFFF5}.Ad-Hoc|iPhoneSimulator.ActiveCfg = Release|Any CPU
		{328C2CD3-7E2A-408A-92A0-9D55EECFFFF5}.Ad-Hoc|Mixed Platforms.ActiveCfg = Release|Any CPU
		{328C2CD3-7E2A-408A-92A0-9D55EECFFFF5}.Ad-Hoc|Mixed Platforms.Build.0 = Release|Any CPU
		{328C2CD3-7E2A-408A-92A0-9D55EECFFFF5}.Ad-Hoc|x86.ActiveCfg = Release|Any CPU
		{328C2CD3-7E2A-408A-92A0-9D55EECFFFF5}.AppStore|Any CPU.ActiveCfg = Release|Any CPU
		{328C2CD3-7E2A-408A-92A0-9D55EECFFFF5}.AppStore|Any CPU.Build.0 = Release|Any CPU
		{328C2CD3-7E2A-408A-92A0-9D55EECFFFF5}.AppStore|ARM.ActiveCfg = Release|Any CPU
		{328C2CD3-7E2A-408A-92A0-9D55EECFFFF5}.AppStore|iPhone.ActiveCfg = Release|Any CPU
		{328C2CD3-7E2A-408A-92A0-9D55EECFFFF5}.AppStore|iPhoneSimulator.ActiveCfg = Release|Any CPU
		{328C2CD3-7E2A-408A-92A0-9D55EECFFFF5}.AppStore|Mixed Platforms.ActiveCfg = Release|Any CPU
		{328C2CD3-7E2A-408A-92A0-9D55EECFFFF5}.AppStore|Mixed Platforms.Build.0 = Release|Any CPU
		{328C2CD3-7E2A-408A-92A0-9D55EECFFFF5}.AppStore|x86.ActiveCfg = Release|Any CPU
		{328C2CD3-7E2A-408A-92A0-9D55EECFFFF5}.Debug|Any CPU.ActiveCfg = Debug|Any CPU
		{328C2CD3-7E2A-408A-92A0-9D55EECFFFF5}.Debug|Any CPU.Build.0 = Debug|Any CPU
		{328C2CD3-7E2A-408A-92A0-9D55EECFFFF5}.Debug|ARM.ActiveCfg = Debug|Any CPU
		{328C2CD3-7E2A-408A-92A0-9D55EECFFFF5}.Debug|iPhone.ActiveCfg = Debug|Any CPU
		{328C2CD3-7E2A-408A-92A0-9D55EECFFFF5}.Debug|iPhoneSimulator.ActiveCfg = Debug|Any CPU
		{328C2CD3-7E2A-408A-92A0-9D55EECFFFF5}.Debug|Mixed Platforms.ActiveCfg = Debug|Any CPU
		{328C2CD3-7E2A-408A-92A0-9D55EECFFFF5}.Debug|Mixed Platforms.Build.0 = Debug|Any CPU
		{328C2CD3-7E2A-408A-92A0-9D55EECFFFF5}.Debug|x86.ActiveCfg = Debug|Any CPU
		{328C2CD3-7E2A-408A-92A0-9D55EECFFFF5}.Release|Any CPU.ActiveCfg = Release|Any CPU
		{328C2CD3-7E2A-408A-92A0-9D55EECFFFF5}.Release|Any CPU.Build.0 = Release|Any CPU
		{328C2CD3-7E2A-408A-92A0-9D55EECFFFF5}.Release|ARM.ActiveCfg = Release|Any CPU
		{328C2CD3-7E2A-408A-92A0-9D55EECFFFF5}.Release|iPhone.ActiveCfg = Release|Any CPU
		{328C2CD3-7E2A-408A-92A0-9D55EECFFFF5}.Release|iPhoneSimulator.ActiveCfg = Release|Any CPU
		{328C2CD3-7E2A-408A-92A0-9D55EECFFFF5}.Release|Mixed Platforms.ActiveCfg = Release|Any CPU
		{328C2CD3-7E2A-408A-92A0-9D55EECFFFF5}.Release|Mixed Platforms.Build.0 = Release|Any CPU
		{328C2CD3-7E2A-408A-92A0-9D55EECFFFF5}.Release|x86.ActiveCfg = Release|Any CPU
		{3C4FEA43-85FF-4F45-8EC9-282FA275AB04}.Ad-Hoc|Any CPU.ActiveCfg = Ad-Hoc|iPhone
		{3C4FEA43-85FF-4F45-8EC9-282FA275AB04}.Ad-Hoc|ARM.ActiveCfg = Ad-Hoc|iPhone
		{3C4FEA43-85FF-4F45-8EC9-282FA275AB04}.Ad-Hoc|iPhone.ActiveCfg = Ad-Hoc|iPhone
		{3C4FEA43-85FF-4F45-8EC9-282FA275AB04}.Ad-Hoc|iPhone.Build.0 = Ad-Hoc|iPhone
		{3C4FEA43-85FF-4F45-8EC9-282FA275AB04}.Ad-Hoc|iPhoneSimulator.ActiveCfg = Ad-Hoc|iPhoneSimulator
		{3C4FEA43-85FF-4F45-8EC9-282FA275AB04}.Ad-Hoc|iPhoneSimulator.Build.0 = Ad-Hoc|iPhoneSimulator
		{3C4FEA43-85FF-4F45-8EC9-282FA275AB04}.Ad-Hoc|Mixed Platforms.ActiveCfg = Ad-Hoc|iPhone
		{3C4FEA43-85FF-4F45-8EC9-282FA275AB04}.Ad-Hoc|Mixed Platforms.Build.0 = Ad-Hoc|iPhone
		{3C4FEA43-85FF-4F45-8EC9-282FA275AB04}.Ad-Hoc|x86.ActiveCfg = Ad-Hoc|iPhone
		{3C4FEA43-85FF-4F45-8EC9-282FA275AB04}.AppStore|Any CPU.ActiveCfg = AppStore|iPhone
		{3C4FEA43-85FF-4F45-8EC9-282FA275AB04}.AppStore|ARM.ActiveCfg = AppStore|iPhone
		{3C4FEA43-85FF-4F45-8EC9-282FA275AB04}.AppStore|iPhone.ActiveCfg = AppStore|iPhone
		{3C4FEA43-85FF-4F45-8EC9-282FA275AB04}.AppStore|iPhone.Build.0 = AppStore|iPhone
		{3C4FEA43-85FF-4F45-8EC9-282FA275AB04}.AppStore|iPhoneSimulator.ActiveCfg = AppStore|iPhoneSimulator
		{3C4FEA43-85FF-4F45-8EC9-282FA275AB04}.AppStore|iPhoneSimulator.Build.0 = AppStore|iPhoneSimulator
		{3C4FEA43-85FF-4F45-8EC9-282FA275AB04}.AppStore|Mixed Platforms.ActiveCfg = AppStore|iPhone
		{3C4FEA43-85FF-4F45-8EC9-282FA275AB04}.AppStore|Mixed Platforms.Build.0 = AppStore|iPhone
		{3C4FEA43-85FF-4F45-8EC9-282FA275AB04}.AppStore|x86.ActiveCfg = AppStore|iPhone
		{3C4FEA43-85FF-4F45-8EC9-282FA275AB04}.Debug|Any CPU.ActiveCfg = Debug|iPhone
		{3C4FEA43-85FF-4F45-8EC9-282FA275AB04}.Debug|ARM.ActiveCfg = Debug|iPhone
		{3C4FEA43-85FF-4F45-8EC9-282FA275AB04}.Debug|iPhone.ActiveCfg = Debug|iPhone
		{3C4FEA43-85FF-4F45-8EC9-282FA275AB04}.Debug|iPhone.Build.0 = Debug|iPhone
		{3C4FEA43-85FF-4F45-8EC9-282FA275AB04}.Debug|iPhoneSimulator.ActiveCfg = Debug|iPhoneSimulator
		{3C4FEA43-85FF-4F45-8EC9-282FA275AB04}.Debug|iPhoneSimulator.Build.0 = Debug|iPhoneSimulator
		{3C4FEA43-85FF-4F45-8EC9-282FA275AB04}.Debug|Mixed Platforms.ActiveCfg = Debug|iPhone
		{3C4FEA43-85FF-4F45-8EC9-282FA275AB04}.Debug|Mixed Platforms.Build.0 = Debug|iPhone
		{3C4FEA43-85FF-4F45-8EC9-282FA275AB04}.Debug|x86.ActiveCfg = Debug|iPhone
		{3C4FEA43-85FF-4F45-8EC9-282FA275AB04}.Release|Any CPU.ActiveCfg = Release|iPhone
		{3C4FEA43-85FF-4F45-8EC9-282FA275AB04}.Release|ARM.ActiveCfg = Release|iPhone
		{3C4FEA43-85FF-4F45-8EC9-282FA275AB04}.Release|iPhone.ActiveCfg = Release|iPhone
		{3C4FEA43-85FF-4F45-8EC9-282FA275AB04}.Release|iPhone.Build.0 = Release|iPhone
		{3C4FEA43-85FF-4F45-8EC9-282FA275AB04}.Release|iPhoneSimulator.ActiveCfg = Release|iPhoneSimulator
		{3C4FEA43-85FF-4F45-8EC9-282FA275AB04}.Release|iPhoneSimulator.Build.0 = Release|iPhoneSimulator
		{3C4FEA43-85FF-4F45-8EC9-282FA275AB04}.Release|Mixed Platforms.ActiveCfg = Release|iPhone
		{3C4FEA43-85FF-4F45-8EC9-282FA275AB04}.Release|Mixed Platforms.Build.0 = Release|iPhone
		{3C4FEA43-85FF-4F45-8EC9-282FA275AB04}.Release|x86.ActiveCfg = Release|iPhone
		{8686EE80-99A0-4C68-B8D1-05F1422CADD4}.Ad-Hoc|Any CPU.ActiveCfg = Release|Any CPU
		{8686EE80-99A0-4C68-B8D1-05F1422CADD4}.Ad-Hoc|Any CPU.Build.0 = Release|Any CPU
		{8686EE80-99A0-4C68-B8D1-05F1422CADD4}.Ad-Hoc|Any CPU.Deploy.0 = Release|Any CPU
		{8686EE80-99A0-4C68-B8D1-05F1422CADD4}.Ad-Hoc|ARM.ActiveCfg = Release|Any CPU
		{8686EE80-99A0-4C68-B8D1-05F1422CADD4}.Ad-Hoc|iPhone.ActiveCfg = Release|Any CPU
		{8686EE80-99A0-4C68-B8D1-05F1422CADD4}.Ad-Hoc|iPhoneSimulator.ActiveCfg = Release|Any CPU
		{8686EE80-99A0-4C68-B8D1-05F1422CADD4}.Ad-Hoc|Mixed Platforms.ActiveCfg = Release|Any CPU
		{8686EE80-99A0-4C68-B8D1-05F1422CADD4}.Ad-Hoc|Mixed Platforms.Build.0 = Release|Any CPU
		{8686EE80-99A0-4C68-B8D1-05F1422CADD4}.Ad-Hoc|Mixed Platforms.Deploy.0 = Release|Any CPU
		{8686EE80-99A0-4C68-B8D1-05F1422CADD4}.Ad-Hoc|x86.ActiveCfg = Release|Any CPU
		{8686EE80-99A0-4C68-B8D1-05F1422CADD4}.AppStore|Any CPU.ActiveCfg = Release|Any CPU
		{8686EE80-99A0-4C68-B8D1-05F1422CADD4}.AppStore|Any CPU.Build.0 = Release|Any CPU
		{8686EE80-99A0-4C68-B8D1-05F1422CADD4}.AppStore|Any CPU.Deploy.0 = Release|Any CPU
		{8686EE80-99A0-4C68-B8D1-05F1422CADD4}.AppStore|ARM.ActiveCfg = Release|Any CPU
		{8686EE80-99A0-4C68-B8D1-05F1422CADD4}.AppStore|iPhone.ActiveCfg = Release|Any CPU
		{8686EE80-99A0-4C68-B8D1-05F1422CADD4}.AppStore|iPhoneSimulator.ActiveCfg = Release|Any CPU
		{8686EE80-99A0-4C68-B8D1-05F1422CADD4}.AppStore|Mixed Platforms.ActiveCfg = Release|Any CPU
		{8686EE80-99A0-4C68-B8D1-05F1422CADD4}.AppStore|Mixed Platforms.Build.0 = Release|Any CPU
		{8686EE80-99A0-4C68-B8D1-05F1422CADD4}.AppStore|Mixed Platforms.Deploy.0 = Release|Any CPU
		{8686EE80-99A0-4C68-B8D1-05F1422CADD4}.AppStore|x86.ActiveCfg = Release|Any CPU
		{8686EE80-99A0-4C68-B8D1-05F1422CADD4}.Debug|Any CPU.ActiveCfg = Debug|Any CPU
		{8686EE80-99A0-4C68-B8D1-05F1422CADD4}.Debug|Any CPU.Build.0 = Debug|Any CPU
		{8686EE80-99A0-4C68-B8D1-05F1422CADD4}.Debug|Any CPU.Deploy.0 = Debug|Any CPU
		{8686EE80-99A0-4C68-B8D1-05F1422CADD4}.Debug|ARM.ActiveCfg = Debug|Any CPU
		{8686EE80-99A0-4C68-B8D1-05F1422CADD4}.Debug|iPhone.ActiveCfg = Debug|Any CPU
		{8686EE80-99A0-4C68-B8D1-05F1422CADD4}.Debug|iPhoneSimulator.ActiveCfg = Debug|Any CPU
		{8686EE80-99A0-4C68-B8D1-05F1422CADD4}.Debug|Mixed Platforms.ActiveCfg = Debug|Any CPU
		{8686EE80-99A0-4C68-B8D1-05F1422CADD4}.Debug|Mixed Platforms.Build.0 = Debug|Any CPU
		{8686EE80-99A0-4C68-B8D1-05F1422CADD4}.Debug|Mixed Platforms.Deploy.0 = Debug|Any CPU
		{8686EE80-99A0-4C68-B8D1-05F1422CADD4}.Debug|x86.ActiveCfg = Debug|Any CPU
		{8686EE80-99A0-4C68-B8D1-05F1422CADD4}.Release|Any CPU.ActiveCfg = Release|Any CPU
		{8686EE80-99A0-4C68-B8D1-05F1422CADD4}.Release|Any CPU.Build.0 = Release|Any CPU
		{8686EE80-99A0-4C68-B8D1-05F1422CADD4}.Release|Any CPU.Deploy.0 = Release|Any CPU
		{8686EE80-99A0-4C68-B8D1-05F1422CADD4}.Release|ARM.ActiveCfg = Release|Any CPU
		{8686EE80-99A0-4C68-B8D1-05F1422CADD4}.Release|iPhone.ActiveCfg = Release|Any CPU
		{8686EE80-99A0-4C68-B8D1-05F1422CADD4}.Release|iPhoneSimulator.ActiveCfg = Release|Any CPU
		{8686EE80-99A0-4C68-B8D1-05F1422CADD4}.Release|Mixed Platforms.ActiveCfg = Release|Any CPU
		{8686EE80-99A0-4C68-B8D1-05F1422CADD4}.Release|Mixed Platforms.Build.0 = Release|Any CPU
		{8686EE80-99A0-4C68-B8D1-05F1422CADD4}.Release|Mixed Platforms.Deploy.0 = Release|Any CPU
		{8686EE80-99A0-4C68-B8D1-05F1422CADD4}.Release|x86.ActiveCfg = Release|Any CPU
		{1ED12FCD-4A00-455C-86D9-5AC29E2805E1}.Ad-Hoc|Any CPU.ActiveCfg = Release|Any CPU
		{1ED12FCD-4A00-455C-86D9-5AC29E2805E1}.Ad-Hoc|Any CPU.Build.0 = Release|Any CPU
		{1ED12FCD-4A00-455C-86D9-5AC29E2805E1}.Ad-Hoc|Any CPU.Deploy.0 = Release|Any CPU
		{1ED12FCD-4A00-455C-86D9-5AC29E2805E1}.Ad-Hoc|ARM.ActiveCfg = Release|ARM
		{1ED12FCD-4A00-455C-86D9-5AC29E2805E1}.Ad-Hoc|ARM.Build.0 = Release|ARM
		{1ED12FCD-4A00-455C-86D9-5AC29E2805E1}.Ad-Hoc|ARM.Deploy.0 = Release|ARM
		{1ED12FCD-4A00-455C-86D9-5AC29E2805E1}.Ad-Hoc|iPhone.ActiveCfg = Release|Any CPU
		{1ED12FCD-4A00-455C-86D9-5AC29E2805E1}.Ad-Hoc|iPhoneSimulator.ActiveCfg = Release|Any CPU
		{1ED12FCD-4A00-455C-86D9-5AC29E2805E1}.Ad-Hoc|Mixed Platforms.ActiveCfg = Release|x86
		{1ED12FCD-4A00-455C-86D9-5AC29E2805E1}.Ad-Hoc|Mixed Platforms.Build.0 = Release|x86
		{1ED12FCD-4A00-455C-86D9-5AC29E2805E1}.Ad-Hoc|Mixed Platforms.Deploy.0 = Release|x86
		{1ED12FCD-4A00-455C-86D9-5AC29E2805E1}.Ad-Hoc|x86.ActiveCfg = Release|x86
		{1ED12FCD-4A00-455C-86D9-5AC29E2805E1}.Ad-Hoc|x86.Build.0 = Release|x86
		{1ED12FCD-4A00-455C-86D9-5AC29E2805E1}.Ad-Hoc|x86.Deploy.0 = Release|x86
		{1ED12FCD-4A00-455C-86D9-5AC29E2805E1}.AppStore|Any CPU.ActiveCfg = Release|Any CPU
		{1ED12FCD-4A00-455C-86D9-5AC29E2805E1}.AppStore|Any CPU.Build.0 = Release|Any CPU
		{1ED12FCD-4A00-455C-86D9-5AC29E2805E1}.AppStore|Any CPU.Deploy.0 = Release|Any CPU
		{1ED12FCD-4A00-455C-86D9-5AC29E2805E1}.AppStore|ARM.ActiveCfg = Release|ARM
		{1ED12FCD-4A00-455C-86D9-5AC29E2805E1}.AppStore|ARM.Build.0 = Release|ARM
		{1ED12FCD-4A00-455C-86D9-5AC29E2805E1}.AppStore|ARM.Deploy.0 = Release|ARM
		{1ED12FCD-4A00-455C-86D9-5AC29E2805E1}.AppStore|iPhone.ActiveCfg = Release|Any CPU
		{1ED12FCD-4A00-455C-86D9-5AC29E2805E1}.AppStore|iPhoneSimulator.ActiveCfg = Release|Any CPU
		{1ED12FCD-4A00-455C-86D9-5AC29E2805E1}.AppStore|Mixed Platforms.ActiveCfg = Release|x86
		{1ED12FCD-4A00-455C-86D9-5AC29E2805E1}.AppStore|Mixed Platforms.Build.0 = Release|x86
		{1ED12FCD-4A00-455C-86D9-5AC29E2805E1}.AppStore|Mixed Platforms.Deploy.0 = Release|x86
		{1ED12FCD-4A00-455C-86D9-5AC29E2805E1}.AppStore|x86.ActiveCfg = Release|x86
		{1ED12FCD-4A00-455C-86D9-5AC29E2805E1}.AppStore|x86.Build.0 = Release|x86
		{1ED12FCD-4A00-455C-86D9-5AC29E2805E1}.AppStore|x86.Deploy.0 = Release|x86
		{1ED12FCD-4A00-455C-86D9-5AC29E2805E1}.Debug|Any CPU.ActiveCfg = Debug|Any CPU
		{1ED12FCD-4A00-455C-86D9-5AC29E2805E1}.Debug|Any CPU.Build.0 = Debug|Any CPU
		{1ED12FCD-4A00-455C-86D9-5AC29E2805E1}.Debug|Any CPU.Deploy.0 = Debug|Any CPU
		{1ED12FCD-4A00-455C-86D9-5AC29E2805E1}.Debug|ARM.ActiveCfg = Debug|ARM
		{1ED12FCD-4A00-455C-86D9-5AC29E2805E1}.Debug|ARM.Build.0 = Debug|ARM
		{1ED12FCD-4A00-455C-86D9-5AC29E2805E1}.Debug|ARM.Deploy.0 = Debug|ARM
		{1ED12FCD-4A00-455C-86D9-5AC29E2805E1}.Debug|iPhone.ActiveCfg = Debug|Any CPU
		{1ED12FCD-4A00-455C-86D9-5AC29E2805E1}.Debug|iPhoneSimulator.ActiveCfg = Debug|Any CPU
		{1ED12FCD-4A00-455C-86D9-5AC29E2805E1}.Debug|Mixed Platforms.ActiveCfg = Debug|x86
		{1ED12FCD-4A00-455C-86D9-5AC29E2805E1}.Debug|Mixed Platforms.Build.0 = Debug|x86
		{1ED12FCD-4A00-455C-86D9-5AC29E2805E1}.Debug|Mixed Platforms.Deploy.0 = Debug|x86
		{1ED12FCD-4A00-455C-86D9-5AC29E2805E1}.Debug|x86.ActiveCfg = Debug|x86
		{1ED12FCD-4A00-455C-86D9-5AC29E2805E1}.Debug|x86.Build.0 = Debug|x86
		{1ED12FCD-4A00-455C-86D9-5AC29E2805E1}.Debug|x86.Deploy.0 = Debug|x86
		{1ED12FCD-4A00-455C-86D9-5AC29E2805E1}.Release|Any CPU.ActiveCfg = Release|Any CPU
		{1ED12FCD-4A00-455C-86D9-5AC29E2805E1}.Release|Any CPU.Build.0 = Release|Any CPU
		{1ED12FCD-4A00-455C-86D9-5AC29E2805E1}.Release|Any CPU.Deploy.0 = Release|Any CPU
		{1ED12FCD-4A00-455C-86D9-5AC29E2805E1}.Release|ARM.ActiveCfg = Release|ARM
		{1ED12FCD-4A00-455C-86D9-5AC29E2805E1}.Release|ARM.Build.0 = Release|ARM
		{1ED12FCD-4A00-455C-86D9-5AC29E2805E1}.Release|ARM.Deploy.0 = Release|ARM
		{1ED12FCD-4A00-455C-86D9-5AC29E2805E1}.Release|iPhone.ActiveCfg = Release|Any CPU
		{1ED12FCD-4A00-455C-86D9-5AC29E2805E1}.Release|iPhoneSimulator.ActiveCfg = Release|Any CPU
		{1ED12FCD-4A00-455C-86D9-5AC29E2805E1}.Release|Mixed Platforms.ActiveCfg = Release|x86
		{1ED12FCD-4A00-455C-86D9-5AC29E2805E1}.Release|Mixed Platforms.Build.0 = Release|x86
		{1ED12FCD-4A00-455C-86D9-5AC29E2805E1}.Release|Mixed Platforms.Deploy.0 = Release|x86
		{1ED12FCD-4A00-455C-86D9-5AC29E2805E1}.Release|x86.ActiveCfg = Release|x86
		{1ED12FCD-4A00-455C-86D9-5AC29E2805E1}.Release|x86.Build.0 = Release|x86
		{1ED12FCD-4A00-455C-86D9-5AC29E2805E1}.Release|x86.Deploy.0 = Release|x86
	EndGlobalSection
	GlobalSection(SolutionProperties) = preSolution
		HideSolutionNode = FALSE
	EndGlobalSection
	GlobalSection(NestedProjects) = preSolution
		{67F9D3A8-F71E-4428-913F-C37AE82CDB24} = {0BCBBFC5-006B-4669-ADC8-EB9FC412BA4A}
		{F80D3DA1-4F4F-46D6-A216-ACCF00EAB8A7} = {0BCBBFC5-006B-4669-ADC8-EB9FC412BA4A}
		{70940FD9-E42F-4BDF-9372-8A3C9B7BFE68} = {F80D3DA1-4F4F-46D6-A216-ACCF00EAB8A7}
		{F16159DD-61F3-4130-8B9E-C0A0D160A2B9} = {F80D3DA1-4F4F-46D6-A216-ACCF00EAB8A7}
		{5FDE97E2-548D-4460-8161-05F0B32B9E1D} = {F80D3DA1-4F4F-46D6-A216-ACCF00EAB8A7}
		{328C2CD3-7E2A-408A-92A0-9D55EECFFFF5} = {625686A4-819B-42B1-84B5-4E356D4FA8CC}
		{3C4FEA43-85FF-4F45-8EC9-282FA275AB04} = {625686A4-819B-42B1-84B5-4E356D4FA8CC}
		{8686EE80-99A0-4C68-B8D1-05F1422CADD4} = {625686A4-819B-42B1-84B5-4E356D4FA8CC}
		{1ED12FCD-4A00-455C-86D9-5AC29E2805E1} = {625686A4-819B-42B1-84B5-4E356D4FA8CC}
	EndGlobalSection
EndGlobal
